{
  "name": "online-resume",
  "lockfileVersion": 3,
  "requires": true,
  "packages": {
    "": {
      "dependencies": {
        "@fontsource/inter": "^5.2.7"
      }
    },
    "node_modules/@fontsource/inter": {
      "version": "5.2.7",
      "resolved": "https://registry.npmjs.org/@fontsource/inter/-/inter-5.2.7.tgz",
      "integrity": "sha512-sfE4VQglV9B05DuJ+RD2RHY42FiVTdCf/dJtVkugRVkygoDigLM4SuNcBrCeo+zoGiC/IudmVcE6QKqW7S1Gkg==",
      "license": "OFL-1.1",
      "funding": {
        "url": "https://github.com/sponsors/ayuhito"
      }
    }
  }
}
